lockfileVersion: '9.0'

settings:
  autoInstallPeers: true
  excludeLinksFromLockfile: false

importers:

  .:
    dependencies:
      '@aiszlab/bee':
        specifier: ^1.3.2
        version: 1.3.2(@types/react@18.3.5)
      '@iconify/json':
        specifier: ^2.2.243
        version: 2.2.243
      musae:
        specifier: ^0.2.20
        version: 0.2.20(react-dom@18.3.1(react@18.3.1))(react@18.3.1)(yjs@13.6.18)
      react:
        specifier: ^18.3.1
        version: 18.3.1
    devDependencies:
      '@aiszlab/wasp':
        specifier: ^1.3.2
        version: link:../relax/packages/wasp
      '@types/node':
        specifier: ^22.5.2
        version: 22.5.2
      '@types/react':
        specifier: ^18.3.5
        version: 18.3.5
      '@types/react-dom':
        specifier: ^18.3.0
        version: 18.3.0
      typescript:
        specifier: ^5.5.4
        version: 5.5.4

packages:

  '@aiszlab/bee@1.3.2':
    resolution: {integrity: sha512-KB/oUY+20p1YNtRRoiMdGiaLJ0NNSyHkDz/xVc+IvJewIy+xfS3Oj27KlokUO29wwKSPMPRrV1QbsQJpix8Hgw==}

  '@aiszlab/relax@1.3.1':
    resolution: {integrity: sha512-46PJuJXBceI18nZRdAM3Gn8s2LMhnqQQGFs7/laQv0eAzybgXxAL+o0ZMYQcZPf7a37gRdJ6To9a+G+I0PHDsA==}
    peerDependencies:
      react: '18'
      react-dom: '18'

  '@babel/runtime@7.25.6':
    resolution: {integrity: sha512-VBj9MYyDb9tuLq7yzqjgzt6Q+IBQLrGZfdjOekyEirZPHxXWoTSGUTMrpsfi58Up73d13NfYLv8HT9vmznjzhQ==}
    engines: {node: '>=6.9.0'}

  '@dnd-kit/accessibility@3.1.0':
    resolution: {integrity: sha512-ea7IkhKvlJUv9iSHJOnxinBcoOI3ppGnnL+VDJ75O45Nss6HtZd8IdN8touXPDtASfeI2T2LImb8VOZcL47wjQ==}
    peerDependencies:
      react: '>=16.8.0'

  '@dnd-kit/core@6.1.0':
    resolution: {integrity: sha512-J3cQBClB4TVxwGo3KEjssGEXNJqGVWx17aRTZ1ob0FliR5IjYgTxl5YJbKTzA6IzrtelotH19v6y7uoIRUZPSg==}
    peerDependencies:
      react: '>=16.8.0'
      react-dom: '>=16.8.0'

  '@dnd-kit/modifiers@7.0.0':
    resolution: {integrity: sha512-BG/ETy3eBjFap7+zIti53f0PCLGDzNXyTmn6fSdrudORf+OH04MxrW4p5+mPu4mgMk9kM41iYONjc3DOUWTcfg==}
    peerDependencies:
      '@dnd-kit/core': ^6.1.0
      react: '>=16.8.0'

  '@dnd-kit/utilities@3.2.2':
    resolution: {integrity: sha512-+MKAJEOfaBe5SmV6t34p80MMKhjvUz0vRrvVJbPT0WElzaOJ/1xs+D+KDv+tD/NE5ujfrChEcshd4fLn0wpiqg==}
    peerDependencies:
      react: '>=16.8.0'

  '@floating-ui/core@1.6.7':
    resolution: {integrity: sha512-yDzVT/Lm101nQ5TCVeK65LtdN7Tj4Qpr9RTXJ2vPFLqtLxwOrpoxAHAJI8J3yYWUc40J0BDBheaitK5SJmno2g==}

  '@floating-ui/dom@1.6.10':
    resolution: {integrity: sha512-fskgCFv8J8OamCmyun8MfjB1Olfn+uZKjOKZ0vhYF3gRmEUXcGOjxWL8bBr7i4kIuPZ2KD2S3EUIOxnjC8kl2A==}

  '@floating-ui/utils@0.2.7':
    resolution: {integrity: sha512-X8R8Oj771YRl/w+c1HqAC1szL8zWQRwFvgDwT129k9ACdBoud/+/rX9V0qiMl6LWUdP9voC2nDVZYPMQQsb6eA==}

  '@iconify/json@2.2.243':
    resolution: {integrity: sha512-92pXEKdjDmH8sV3fZwJTxifKpJtp3ie8KD7oCqHRJh/Z+CoGm3bzDcK5UnWs5G5EDbu00kYVcSGM4jRnY9HgGQ==}

  '@iconify/types@2.0.0':
    resolution: {integrity: sha512-+wluvCrRhXrhyOmRDJ3q8mux9JkKy5SJ/v8ol2tu4FVjyYvtEzkc/3pK15ET6RKg4b4w4BmTk1+gsCUhf21Ykg==}

  '@lexical/clipboard@0.17.1':
    resolution: {integrity: sha512-OVqnEfWX8XN5xxuMPo6BfgGKHREbz++D5V5ISOiml0Z8fV/TQkdgwqbBJcUdJHGRHWSUwdK7CWGs/VALvVvZyw==}

  '@lexical/code@0.17.1':
    resolution: {integrity: sha512-ZspfTm6g6dN3nAb4G5bPp3SqxzdkB/bjGfa0uRKMU6/eBKtrMUgZsGxt0a8JRZ1eq2TZrQhx+l1ceRoLXii/bQ==}

  '@lexical/devtools-core@0.17.1':
    resolution: {integrity: sha512-SzL1EX9Rt5GptIo87t6nDxAc9TtYtl6DyAPNz/sCltspdd69KQgs23sTRa26/tkNFCS1jziRN7vpN3mlnmm5wA==}
    peerDependencies:
      react: '>=17.x'
      react-dom: '>=17.x'

  '@lexical/dragon@0.17.1':
    resolution: {integrity: sha512-lhBRKP7RlhiVCLtF0qiNqmMhEO6cQB43sMe7d4bvuY1G2++oKY/XAJPg6QJZdXRrCGRQ6vZ26QRNhRPmCxL5Ng==}

  '@lexical/hashtag@0.17.1':
    resolution: {integrity: sha512-XtP0BI8vEewAe7tzq9MC49UPUvuChuNJI/jqFp+ezZlt/RUq0BClQCOPuSlrTJhluvE2rWnUnOnVMk8ILRvggQ==}

  '@lexical/history@0.17.1':
    resolution: {integrity: sha512-OU/ohajz4FXchUhghsWC7xeBPypFe50FCm5OePwo767G7P233IztgRKIng2pTT4zhCPW7S6Mfl53JoFHKehpWA==}

  '@lexical/html@0.17.1':
    resolution: {integrity: sha512-yGG+K2DXl7Wn2DpNuZ0Y3uCHJgfHkJN3/MmnFb4jLnH1FoJJiuy7WJb/BRRh9H+6xBJ9v70iv+kttDJ0u1xp5w==}

  '@lexical/link@0.17.1':
    resolution: {integrity: sha512-qFJEKBesZAtR8kfJfIVXRFXVw6dwcpmGCW7duJbtBRjdLjralOxrlVKyFhW9PEXGhi4Mdq2Ux16YnnDncpORdQ==}

  '@lexical/list@0.17.1':
    resolution: {integrity: sha512-k9ZnmQuBvW+xVUtWJZwoGtiVG2cy+hxzkLGU4jTq1sqxRIoSeGcjvhFAK8JSEj4i21SgkB1FmkWXoYK5kbwtRA==}

  '@lexical/mark@0.17.1':
    resolution: {integrity: sha512-V82SSRjvygmV+ZMwVpy5gwgr2ZDrJpl3TvEDO+G5I4SDSjbgvua8hO4dKryqiDVlooxQq9dsou0GrZ9Qtm6rYg==}

  '@lexical/markdown@0.17.1':
    resolution: {integrity: sha512-uexR9snyT54jfQTrbr/GZAtzX+8Oyykr4p1HS0vCVL1KU5MDuP2PoyFfOv3rcfB2TASc+aYiINhU2gSXzwCHNg==}

  '@lexical/offset@0.17.1':
    resolution: {integrity: sha512-fX0ZSIFWwUKAjxf6l21vyXFozJGExKWyWxA+EMuOloNAGotHnAInxep0Mt8t/xcvHs7luuyQUxEPw7YrTJP7aw==}

  '@lexical/overflow@0.17.1':
    resolution: {integrity: sha512-oElVDq486R3rO2+Zz0EllXJGpW3tN0tfcH+joZ5h36+URKuNeKddqkJuDRvgSLOr9l8Jhtv3+/YKduPJVKMz6w==}

  '@lexical/plain-text@0.17.1':
    resolution: {integrity: sha512-CSvi4j1a4ame0OAvOKUCCmn2XrNsWcST4lExGTa9Ei/VIh8IZ+a97h4Uby8T3lqOp10x+oiizYWzY30pb9QaBg==}

  '@lexical/react@0.17.1':
    resolution: {integrity: sha512-DI4k25tO0E1WyozrjaLgKMOmLjOB7+39MT4eZN9brPlU7g+w0wzdGbTZUPgPmFGIKPK+MSLybCwAJCK97j8HzQ==}
    peerDependencies:
      react: '>=17.x'
      react-dom: '>=17.x'

  '@lexical/rich-text@0.17.1':
    resolution: {integrity: sha512-T3kvj4P1OpedX9jvxN3WN8NP1Khol6mCW2ScFIRNRz2dsXgyN00thH1Q1J/uyu7aKyGS7rzcY0rb1Pz1qFufqQ==}

  '@lexical/selection@0.17.1':
    resolution: {integrity: sha512-qBKVn+lMV2YIoyRELNr1/QssXx/4c0id9NCB/BOuYlG8du5IjviVJquEF56NEv2t0GedDv4BpUwkhXT2QbNAxA==}

  '@lexical/table@0.17.1':
    resolution: {integrity: sha512-2fUYPmxhyuMQX3MRvSsNaxbgvwGNJpHaKx1Ldc+PT2MvDZ6ALZkfsxbi0do54Q3i7dOon8/avRp4TuVaCnqvoA==}

  '@lexical/text@0.17.1':
    resolution: {integrity: sha512-zD2pAGXaMfPpT8PeNrx3+n0+jGnQORHyn0NEBO+hnyacKfUq5z5sI6Gebsq5NwH789bRadmJM5LvX5w8fsuv6w==}

  '@lexical/utils@0.17.1':
    resolution: {integrity: sha512-jCQER5EsvhLNxKH3qgcpdWj/necUb82Xjp8qWQ3c0tyL07hIRm2tDRA/s9mQmvcP855HEZSmGVmR5SKtkcEAVg==}

  '@lexical/yjs@0.17.1':
    resolution: {integrity: sha512-9mn5PDtaH5uLMH6hQ59EAx5FkRzmJJFcVs3E6zSIbtgkG3UASR3CFEfgsLKTjl/GC5NnTGuMck+jXaupDVBhOg==}
    peerDependencies:
      yjs: '>=13.5.22'

  '@remix-run/router@1.19.1':
    resolution: {integrity: sha512-S45oynt/WH19bHbIXjtli6QmwNYvaz+vtnubvNpNDvUOoA/OWh6j1OikIP3G+v5GHdxyC6EXoChG3HgYGEUfcg==}
    engines: {node: '>=14.0.0'}

  '@tanstack/react-table@8.20.5':
    resolution: {integrity: sha512-WEHopKw3znbUZ61s9i0+i9g8drmDo6asTWbrQh8Us63DAk/M0FkmIqERew6P71HI75ksZ2Pxyuf4vvKh9rAkiA==}
    engines: {node: '>=12'}
    peerDependencies:
      react: '>=16.8'
      react-dom: '>=16.8'

  '@tanstack/table-core@8.20.5':
    resolution: {integrity: sha512-P9dF7XbibHph2PFRz8gfBKEXEY/HJPOhym8CHmjF8y3q5mWpKx9xtZapXQUWCgkqvsK0R46Azuz+VaxD4Xl+Tg==}
    engines: {node: '>=12'}

  '@types/node@22.5.2':
    resolution: {integrity: sha512-acJsPTEqYqulZS/Yp/S3GgeE6GZ0qYODUR8aVr/DkhHQ8l9nd4j5x1/ZJy9/gHrRlFMqkO6i0I3E27Alu4jjPg==}

  '@types/prop-types@15.7.12':
    resolution: {integrity: sha512-5zvhXYtRNRluoE/jAp4GVsSduVUzNWKkOZrCDBWYtE7biZywwdC2AcEzg+cSMLFRfVgeAFqpfNabiPjxFddV1Q==}

  '@types/react-dom@18.3.0':
    resolution: {integrity: sha512-EhwApuTmMBmXuFOikhQLIBUn6uFg81SwLMOAUgodJF14SOBOCMdU04gDoYi0WOJJHD144TL32z4yDqCW3dnkQg==}

  '@types/react@18.3.5':
    resolution: {integrity: sha512-WeqMfGJLGuLCqHGYRGHxnKrXcTitc6L/nBUWfWPcTarG3t9PsquqUMuVeXZeca+mglY4Vo5GZjCi0A3Or2lnxA==}

  '@types/use-sync-external-store@0.0.3':
    resolution: {integrity: sha512-EwmlvuaxPNej9+T4v5AuBPJa2x2UOJVdjCtDHgcDqitUeOtjnJKJ+apYjVcAoBEMjKW1VVFGZLUb5+qqa09XFA==}

  clsx@2.1.1:
    resolution: {integrity: sha512-eYm0QWBtUrBWZWG0d386OGAw16Z995PiOVo2B7bjWSbHedGl5e0ZWaq65kOGgUSNesEIDkB9ISbTg/JK9dhCZA==}
    engines: {node: '>=6'}

  csstype@3.1.3:
    resolution: {integrity: sha512-M1uQkMl8rQK/szD0LNhtqxIPLpimGm8sOBwU7lLnCpSbTyY3yeU1Vc7l4KT5zT4s/yOxHH5O7tIuuLOCnLADRw==}

  dayjs@1.11.13:
    resolution: {integrity: sha512-oaMBel6gjolK862uaPQOVTA7q3TZhuSvuMQAAglQDOWYO9A91IrAOUJEyKVlqJlHE0vq5p5UXxzdPfMH/x6xNg==}

  deepmerge@4.3.1:
    resolution: {integrity: sha512-3sUqbMEc77XqpdNO7FRyRog+eW3ph+GYCbj+rK+uYyRMuwsVy0rMiVtPn+QJlKFvWP/1PYpapqYn0Me2knFn+A==}
    engines: {node: '>=0.10.0'}

  framer-motion@11.3.31:
    resolution: {integrity: sha512-Xmxs08WBXnc2tNzNZbFSpquI33lvleJg4Y+hmZ+vFkn+laN9ZnR3gbZnNGKDtuz7c/x3u8dLg05OU3EhLobCsg==}
    peerDependencies:
      '@emotion/is-prop-valid': '*'
      react: ^18.0.0
      react-dom: ^18.0.0
    peerDependenciesMeta:
      '@emotion/is-prop-valid':
        optional: true
      react:
        optional: true
      react-dom:
        optional: true

  isomorphic.js@0.2.5:
    resolution: {integrity: sha512-PIeMbHqMt4DnUP3MA/Flc0HElYjMXArsw1qwJZcm9sqR8mq3l8NYizFMty0pWwE/tzIGH3EKK5+jes5mAr85yw==}

  js-tokens@4.0.0:
    resolution: {integrity: sha512-RdJUflcE3cUzKiMqQgsCu06FPu9UdIJO0beYbPhHN4k6apgJtifcoCtT9bcxOpYBtpD2kCM6Sbzg4CausW/PKQ==}

  lexical@0.17.1:
    resolution: {integrity: sha512-72/MhR7jqmyqD10bmJw8gztlCm4KDDT+TPtU4elqXrEvHoO5XENi34YAEUD9gIkPfqSwyLa9mwAX1nKzIr5xEA==}

  lib0@0.2.97:
    resolution: {integrity: sha512-Q4d1ekgvufi9FiHkkL46AhecfNjznSL9MRNoJRQ76gBHS9OqU2ArfQK0FvBpuxgWeJeNI0LVgAYMIpsGeX4gYg==}
    engines: {node: '>=16'}
    hasBin: true

  loose-envify@1.4.0:
    resolution: {integrity: sha512-lyuxPGr/Wfhrlem2CL/UcnUc1zcqKAImBDzukY7Y5F/yQiNdko6+fRLevlw1HgMySw7f611UIY408EtxRSoK3Q==}
    hasBin: true

  musae@0.2.20:
    resolution: {integrity: sha512-6EnB8UTHQ0k/5qeKJQ7PiYIgs21Fw0juXRMPxO0/u/PFW0ftWaAdx1nwJNfrRlZT+eNRkkayO4yJKhX6REhxyw==}
    engines: {node: '>=18.0.0', pnpm: '>=9'}
    peerDependencies:
      react: ^18
      react-dom: ^18

  pathe@1.1.2:
    resolution: {integrity: sha512-whLdWMYL2TwI08hn8/ZqAbrVemu0LNaNNJZX73O6qaIdCTfXutsLhMkjdENX0qhsQ9uIimo4/aQOmXkoon2nDQ==}

  prismjs@1.29.0:
    resolution: {integrity: sha512-Kx/1w86q/epKcmte75LNrEoT+lX8pBpavuAbvJWRXar7Hz8jrtF+e3vY751p0R8H9HdArwaCTNDDzHg/ScJK1Q==}
    engines: {node: '>=6'}

  react-dom@18.3.1:
    resolution: {integrity: sha512-5m4nQKp+rZRb09LNH59GM4BxTh9251/ylbKIbpe7TpGxfJ+9kv6BLkLBXIjjspbgbnIBNqlI23tRnTWT0snUIw==}
    peerDependencies:
      react: ^18.3.1

  react-error-boundary@3.1.4:
    resolution: {integrity: sha512-uM9uPzZJTF6wRQORmSrvOIgt4lJ9MC1sNgEOj2XGsDTRE4kmpWxg7ENK9EWNKJRMAOY9z0MuF4yIfl6gp4sotA==}
    engines: {node: '>=10', npm: '>=6'}
    peerDependencies:
      react: '>=16.13.1'

  react-hook-form@7.53.0:
    resolution: {integrity: sha512-M1n3HhqCww6S2hxLxciEXy2oISPnAzxY7gvwVPrtlczTM/1dDadXgUxDpHMrMTblDOcm/AXtXxHwZ3jpg1mqKQ==}
    engines: {node: '>=18.0.0'}
    peerDependencies:
      react: ^16.8.0 || ^17 || ^18 || ^19

  react-is@18.3.1:
    resolution: {integrity: sha512-/LLMVyas0ljjAtoYiPqYiL8VWXzUUdThrmU5+n20DZv+a+ClRoevUzw5JxU+Ieh5/c87ytoTBV9G1FiKfNJdmg==}

  react-redux@9.1.2:
    resolution: {integrity: sha512-0OA4dhM1W48l3uzmv6B7TXPCGmokUU4p1M44DGN2/D9a1FjVPukVjER1PcPX97jIg6aUeLq1XJo1IpfbgULn0w==}
    peerDependencies:
      '@types/react': ^18.2.25
      react: ^18.0
      redux: ^5.0.0
    peerDependenciesMeta:
      '@types/react':
        optional: true
      redux:
        optional: true

  react-router-dom@6.26.1:
    resolution: {integrity: sha512-veut7m41S1fLql4pLhxeSW3jlqs+4MtjRLj0xvuCEXsxusJCbs6I8yn9BxzzDX2XDgafrccY6hwjmd/bL54tFw==}
    engines: {node: '>=14.0.0'}
    peerDependencies:
      react: '>=16.8'
      react-dom: '>=16.8'

  react-router@6.26.1:
    resolution: {integrity: sha512-kIwJveZNwp7teQRI5QmwWo39A5bXRyqpH0COKKmPnyD2vBvDwgFXSqDUYtt1h+FEyfnE8eXr7oe0MxRzVwCcvQ==}
    engines: {node: '>=14.0.0'}
    peerDependencies:
      react: '>=16.8'

  react@18.3.1:
    resolution: {integrity: sha512-wS+hAgJShR0KhEvPJArfuPVN1+Hz1t0Y6n5jLrGQbkb4urgPE/0Rve+1kMB1v/oWgHgm4WIcV+i7F2pTVj+2iQ==}
    engines: {node: '>=0.10.0'}

  redux@5.0.1:
    resolution: {integrity: sha512-M9/ELqF6fy8FwmkpnF0S3YKOqMyoWJ4+CS5Efg2ct3oY9daQvd/Pc71FpGZsVsbl3Cpb+IIcjBDUnnyBdQbq4w==}

  regenerator-runtime@0.14.1:
    resolution: {integrity: sha512-dYnhHh0nJoMfnkZs6GmmhFknAGRrLznOu5nc9ML+EJxGvrx6H7teuevqVqCuPcPK//3eDrrjQhehXVx9cnkGdw==}

  rxjs@7.8.1:
    resolution: {integrity: sha512-AA3TVj+0A2iuIoQkWEK/tqFjBq2j+6PO6Y0zJcvzLAFhEFIO3HL0vls9hWLncZbAAbK0mar7oZ4V079I/qPMxg==}

  scheduler@0.23.2:
    resolution: {integrity: sha512-UOShsPwz7NrMUqhR6t0hWjFduvOzbtv7toDH1/hIrfRNIDBnnBWd0CwJTGvTpngVlmwGCdP9/Zl/tVrDqcuYzQ==}

  tslib@2.7.0:
    resolution: {integrity: sha512-gLXCKdN1/j47AiHiOkJN69hJmcbGTHI0ImLmbYLHykhgeN0jVGola9yVjFgzCUklsZQMW55o+dW7IXv3RCXDzA==}

  typescript@5.5.4:
    resolution: {integrity: sha512-Mtq29sKDAEYP7aljRgtPOpTvOfbwRWlS6dPRzwjdE+C0R4brX/GUyhHSecbHMFLNBLcJIPt9nl9yG5TZ1weH+Q==}
    engines: {node: '>=14.17'}
    hasBin: true

  undici-types@6.19.8:
    resolution: {integrity: sha512-ve2KP6f/JnbPBFyobGHuerC9g1FYGn/F8n1LWTwNxCEzd6IfqTwUQcNXgEtmmQ6DlRrC1hrSrBnCZPokRrDHjw==}

  use-sync-external-store@1.2.2:
    resolution: {integrity: sha512-PElTlVMwpblvbNqQ82d2n6RjStvdSoNe9FG28kNfz3WiXilJm4DdNkEzRhCZuIDwY8U08WVihhGR5iRqAwfDiw==}
    peerDependencies:
      react: ^16.8.0 || ^17.0.0 || ^18.0.0

  yjs@13.6.18:
    resolution: {integrity: sha512-GBTjO4QCmv2HFKFkYIJl7U77hIB1o22vSCSQD1Ge8ZxWbIbn8AltI4gyXbtL+g5/GJep67HCMq3Y5AmNwDSyEg==}
    engines: {node: '>=16.0.0', npm: '>=8.0.0'}

snapshots:

  '@aiszlab/bee@1.3.2(@types/react@18.3.5)':
    dependencies:
      '@aiszlab/relax': 1.3.1(react-dom@18.3.1(react@18.3.1))(react@18.3.1)
      '@babel/runtime': 7.25.6
      react: 18.3.1
      react-dom: 18.3.1(react@18.3.1)
      react-redux: 9.1.2(@types/react@18.3.5)(react@18.3.1)(redux@5.0.1)
      react-router-dom: 6.26.1(react-dom@18.3.1(react@18.3.1))(react@18.3.1)
      redux: 5.0.1
    transitivePeerDependencies:
      - '@types/react'

  '@aiszlab/relax@1.3.1(react-dom@18.3.1(react@18.3.1))(react@18.3.1)':
    dependencies:
      '@babel/runtime': 7.25.6
      react: 18.3.1
      react-dom: 18.3.1(react@18.3.1)
      react-is: 18.3.1
      rxjs: 7.8.1

  '@babel/runtime@7.25.6':
    dependencies:
      regenerator-runtime: 0.14.1

  '@dnd-kit/accessibility@3.1.0(react@18.3.1)':
    dependencies:
      react: 18.3.1
      tslib: 2.7.0

  '@dnd-kit/core@6.1.0(react-dom@18.3.1(react@18.3.1))(react@18.3.1)':
    dependencies:
      '@dnd-kit/accessibility': 3.1.0(react@18.3.1)
      '@dnd-kit/utilities': 3.2.2(react@18.3.1)
      react: 18.3.1
      react-dom: 18.3.1(react@18.3.1)
      tslib: 2.7.0

  '@dnd-kit/modifiers@7.0.0(@dnd-kit/core@6.1.0(react-dom@18.3.1(react@18.3.1))(react@18.3.1))(react@18.3.1)':
    dependencies:
      '@dnd-kit/core': 6.1.0(react-dom@18.3.1(react@18.3.1))(react@18.3.1)
      '@dnd-kit/utilities': 3.2.2(react@18.3.1)
      react: 18.3.1
      tslib: 2.7.0

  '@dnd-kit/utilities@3.2.2(react@18.3.1)':
    dependencies:
      react: 18.3.1
      tslib: 2.7.0

  '@floating-ui/core@1.6.7':
    dependencies:
      '@floating-ui/utils': 0.2.7

  '@floating-ui/dom@1.6.10':
    dependencies:
      '@floating-ui/core': 1.6.7
      '@floating-ui/utils': 0.2.7

  '@floating-ui/utils@0.2.7': {}

  '@iconify/json@2.2.243':
    dependencies:
      '@iconify/types': 2.0.0
      pathe: 1.1.2

  '@iconify/types@2.0.0': {}

  '@lexical/clipboard@0.17.1':
    dependencies:
      '@lexical/html': 0.17.1
      '@lexical/list': 0.17.1
      '@lexical/selection': 0.17.1
      '@lexical/utils': 0.17.1
      lexical: 0.17.1

  '@lexical/code@0.17.1':
    dependencies:
      '@lexical/utils': 0.17.1
      lexical: 0.17.1
      prismjs: 1.29.0

  '@lexical/devtools-core@0.17.1(react-dom@18.3.1(react@18.3.1))(react@18.3.1)':
    dependencies:
      '@lexical/html': 0.17.1
      '@lexical/link': 0.17.1
      '@lexical/mark': 0.17.1
      '@lexical/table': 0.17.1
      '@lexical/utils': 0.17.1
      lexical: 0.17.1
      react: 18.3.1
      react-dom: 18.3.1(react@18.3.1)

  '@lexical/dragon@0.17.1':
    dependencies:
      lexical: 0.17.1

  '@lexical/hashtag@0.17.1':
    dependencies:
      '@lexical/utils': 0.17.1
      lexical: 0.17.1

  '@lexical/history@0.17.1':
    dependencies:
      '@lexical/utils': 0.17.1
      lexical: 0.17.1

  '@lexical/html@0.17.1':
    dependencies:
      '@lexical/selection': 0.17.1
      '@lexical/utils': 0.17.1
      lexical: 0.17.1

  '@lexical/link@0.17.1':
    dependencies:
      '@lexical/utils': 0.17.1
      lexical: 0.17.1

  '@lexical/list@0.17.1':
    dependencies:
      '@lexical/utils': 0.17.1
      lexical: 0.17.1

  '@lexical/mark@0.17.1':
    dependencies:
      '@lexical/utils': 0.17.1
      lexical: 0.17.1

  '@lexical/markdown@0.17.1':
    dependencies:
      '@lexical/code': 0.17.1
      '@lexical/link': 0.17.1
      '@lexical/list': 0.17.1
      '@lexical/rich-text': 0.17.1
      '@lexical/text': 0.17.1
      '@lexical/utils': 0.17.1
      lexical: 0.17.1

  '@lexical/offset@0.17.1':
    dependencies:
      lexical: 0.17.1

  '@lexical/overflow@0.17.1':
    dependencies:
      lexical: 0.17.1

  '@lexical/plain-text@0.17.1':
    dependencies:
      '@lexical/clipboard': 0.17.1
      '@lexical/selection': 0.17.1
      '@lexical/utils': 0.17.1
      lexical: 0.17.1

  '@lexical/react@0.17.1(react-dom@18.3.1(react@18.3.1))(react@18.3.1)(yjs@13.6.18)':
    dependencies:
      '@lexical/clipboard': 0.17.1
      '@lexical/code': 0.17.1
      '@lexical/devtools-core': 0.17.1(react-dom@18.3.1(react@18.3.1))(react@18.3.1)
      '@lexical/dragon': 0.17.1
      '@lexical/hashtag': 0.17.1
      '@lexical/history': 0.17.1
      '@lexical/link': 0.17.1
      '@lexical/list': 0.17.1
      '@lexical/mark': 0.17.1
      '@lexical/markdown': 0.17.1
      '@lexical/overflow': 0.17.1
      '@lexical/plain-text': 0.17.1
      '@lexical/rich-text': 0.17.1
      '@lexical/selection': 0.17.1
      '@lexical/table': 0.17.1
      '@lexical/text': 0.17.1
      '@lexical/utils': 0.17.1
      '@lexical/yjs': 0.17.1(yjs@13.6.18)
      lexical: 0.17.1
      react: 18.3.1
      react-dom: 18.3.1(react@18.3.1)
      react-error-boundary: 3.1.4(react@18.3.1)
    transitivePeerDependencies:
      - yjs

  '@lexical/rich-text@0.17.1':
    dependencies:
      '@lexical/clipboard': 0.17.1
      '@lexical/selection': 0.17.1
      '@lexical/utils': 0.17.1
      lexical: 0.17.1

  '@lexical/selection@0.17.1':
    dependencies:
      lexical: 0.17.1

  '@lexical/table@0.17.1':
    dependencies:
      '@lexical/utils': 0.17.1
      lexical: 0.17.1

  '@lexical/text@0.17.1':
    dependencies:
      lexical: 0.17.1

  '@lexical/utils@0.17.1':
    dependencies:
      '@lexical/list': 0.17.1
      '@lexical/selection': 0.17.1
      '@lexical/table': 0.17.1
      lexical: 0.17.1

  '@lexical/yjs@0.17.1(yjs@13.6.18)':
    dependencies:
      '@lexical/offset': 0.17.1
      lexical: 0.17.1
      yjs: 13.6.18

  '@remix-run/router@1.19.1': {}

  '@tanstack/react-table@8.20.5(react-dom@18.3.1(react@18.3.1))(react@18.3.1)':
    dependencies:
      '@tanstack/table-core': 8.20.5
      react: 18.3.1
      react-dom: 18.3.1(react@18.3.1)

  '@tanstack/table-core@8.20.5': {}

  '@types/node@22.5.2':
    dependencies:
      undici-types: 6.19.8

  '@types/prop-types@15.7.12': {}

  '@types/react-dom@18.3.0':
    dependencies:
      '@types/react': 18.3.5

  '@types/react@18.3.5':
    dependencies:
      '@types/prop-types': 15.7.12
      csstype: 3.1.3

  '@types/use-sync-external-store@0.0.3': {}

  clsx@2.1.1: {}

  csstype@3.1.3: {}

  dayjs@1.11.13: {}

  deepmerge@4.3.1: {}

  framer-motion@11.3.31(react-dom@18.3.1(react@18.3.1))(react@18.3.1):
    dependencies:
      tslib: 2.7.0
    optionalDependencies:
      react: 18.3.1
      react-dom: 18.3.1(react@18.3.1)

  isomorphic.js@0.2.5: {}

  js-tokens@4.0.0: {}

  lexical@0.17.1: {}

  lib0@0.2.97:
    dependencies:
      isomorphic.js: 0.2.5

  loose-envify@1.4.0:
    dependencies:
      js-tokens: 4.0.0

  musae@0.2.20(react-dom@18.3.1(react@18.3.1))(react@18.3.1)(yjs@13.6.18):
    dependencies:
      '@aiszlab/relax': 1.3.1(react-dom@18.3.1(react@18.3.1))(react@18.3.1)
      '@babel/runtime': 7.25.6
      '@dnd-kit/core': 6.1.0(react-dom@18.3.1(react@18.3.1))(react@18.3.1)
      '@dnd-kit/modifiers': 7.0.0(@dnd-kit/core@6.1.0(react-dom@18.3.1(react@18.3.1))(react@18.3.1))(react@18.3.1)
      '@floating-ui/dom': 1.6.10
      '@lexical/code': 0.17.1
      '@lexical/link': 0.17.1
      '@lexical/list': 0.17.1
      '@lexical/markdown': 0.17.1
      '@lexical/react': 0.17.1(react-dom@18.3.1(react@18.3.1))(react@18.3.1)(yjs@13.6.18)
      '@lexical/rich-text': 0.17.1
      '@lexical/selection': 0.17.1
      '@lexical/utils': 0.17.1
      '@tanstack/react-table': 8.20.5(react-dom@18.3.1(react@18.3.1))(react@18.3.1)
      clsx: 2.1.1
      dayjs: 1.11.13
      deepmerge: 4.3.1
      framer-motion: 11.3.31(react-dom@18.3.1(react@18.3.1))(react@18.3.1)
      lexical: 0.17.1
      react: 18.3.1
      react-dom: 18.3.1(react@18.3.1)
      react-hook-form: 7.53.0(react@18.3.1)
      rxjs: 7.8.1
    transitivePeerDependencies:
      - '@emotion/is-prop-valid'
      - yjs

  pathe@1.1.2: {}

  prismjs@1.29.0: {}

  react-dom@18.3.1(react@18.3.1):
    dependencies:
      loose-envify: 1.4.0
      react: 18.3.1
      scheduler: 0.23.2

  react-error-boundary@3.1.4(react@18.3.1):
    dependencies:
      '@babel/runtime': 7.25.6
      react: 18.3.1

  react-hook-form@7.53.0(react@18.3.1):
    dependencies:
      react: 18.3.1

  react-is@18.3.1: {}

  react-redux@9.1.2(@types/react@18.3.5)(react@18.3.1)(redux@5.0.1):
    dependencies:
      '@types/use-sync-external-store': 0.0.3
      react: 18.3.1
      use-sync-external-store: 1.2.2(react@18.3.1)
    optionalDependencies:
      '@types/react': 18.3.5
      redux: 5.0.1

  react-router-dom@6.26.1(react-dom@18.3.1(react@18.3.1))(react@18.3.1):
    dependencies:
      '@remix-run/router': 1.19.1
      react: 18.3.1
      react-dom: 18.3.1(react@18.3.1)
      react-router: 6.26.1(react@18.3.1)

  react-router@6.26.1(react@18.3.1):
    dependencies:
      '@remix-run/router': 1.19.1
      react: 18.3.1

  react@18.3.1:
    dependencies:
      loose-envify: 1.4.0

  redux@5.0.1: {}

  regenerator-runtime@0.14.1: {}

  rxjs@7.8.1:
    dependencies:
      tslib: 2.7.0

  scheduler@0.23.2:
    dependencies:
      loose-envify: 1.4.0

  tslib@2.7.0: {}

  typescript@5.5.4: {}

  undici-types@6.19.8: {}

  use-sync-external-store@1.2.2(react@18.3.1):
    dependencies:
      react: 18.3.1

  yjs@13.6.18:
    dependencies:
      lib0: 0.2.97
